
Microsoft Visual Studio Solution File, Format Version 12.00
# Visual Studio Version 16
VisualStudioVersion = 16.0.31205.134
MinimumVisualStudioVersion = 10.0.40219.1
Project("{FAE04EC0-301F-11D3-BF4B-00C04F79EFBC}") = "homosaurus_console_example", "homosaurus_console_example\homosaurus_console_example.csproj", "{4E3196E3-2ABC-4366-A435-EBB9CEABF2EA}"
EndProject
Global
	GlobalSection(SolutionConfigurationPlatforms) = preSolution
		Debug|Any CPU = Debug|Any CPU
		Release|Any CPU = Release|Any CPU
	EndGlobalSection
	GlobalSection(ProjectConfigurationPlatforms) = postSolution
		{4E3196E3-2ABC-4366-A435-EBB9CEABF2EA}.Debug|Any CPU.ActiveCfg = Debug|Any CPU
		{4E3196E3-2ABC-4366-A435-EBB9CEABF2EA}.Debug|Any CPU.Build.0 = Debug|Any CPU
		{4E3196E3-2ABC-4366-A435-EBB9CEABF2EA}.Release|Any CPU.ActiveCfg = Release|Any CPU
		{4E3196E3-2ABC-4366-A435-EBB9CEABF2EA}.Release|Any CPU.Build.0 = Release|Any CPU
	EndGlobalSection
	GlobalSection(SolutionProperties) = preSolution
		HideSolutionNode = FALSE
	EndGlobalSection
	GlobalSection(ExtensibilityGlobals) = postSolution
		SolutionGuid = {BF917D96-E9C0-42FC-AFF1-31D4FCBC9149}
	EndGlobalSection
EndGlobal
